// !$*UTF8*$!
{
	archiveVersion = 1;
	classes = {
	};
	objectVersion = 46;
	objects = {

/* Begin PBXBuildFile section */
		20A5A4CA164895A9002191B1 /* UIKit.framework in Frameworks */ = {isa = PBXBuildFile; fileRef = 20A5A4C9164895A9002191B1 /* UIKit.framework */; };
		20A5A4CC164895A9002191B1 /* Foundation.framework in Frameworks */ = {isa = PBXBuildFile; fileRef = 20A5A4CB164895A9002191B1 /* Foundation.framework */; };
		20A5A4CE164895A9002191B1 /* CoreGraphics.framework in Frameworks */ = {isa = PBXBuildFile; fileRef = 20A5A4CD164895A9002191B1 /* CoreGraphics.framework */; };
		20A5A4D4164895A9002191B1 /* InfoPlist.strings in Resources */ = {isa = PBXBuildFile; fileRef = 20A5A4D2164895A9002191B1 /* InfoPlist.strings */; };
		20A5A4D6164895A9002191B1 /* main.m in Sources */ = {isa = PBXBuildFile; fileRef = 20A5A4D5164895A9002191B1 /* main.m */; };
		20A5A4DA164895A9002191B1 /* HappinessAppDelegate.m in Sources */ = {isa = PBXBuildFile; fileRef = 20A5A4D9164895A9002191B1 /* HappinessAppDelegate.m */; };
		20A5A4DD164895A9002191B1 /* MainStoryboard_iPhone.storyboard in Resources */ = {isa = PBXBuildFile; fileRef = 20A5A4DB164895A9002191B1 /* MainStoryboard_iPhone.storyboard */; };
		20A5A4E0164895A9002191B1 /* MainStoryboard_iPad.storyboard in Resources */ = {isa = PBXBuildFile; fileRef = 20A5A4DE164895A9002191B1 /* MainStoryboard_iPad.storyboard */; };
		20A5A4E3164895A9002191B1 /* HappinessViewController.m in Sources */ = {isa = PBXBuildFile; fileRef = 20A5A4E2164895A9002191B1 /* HappinessViewController.m */; };
		20A5A4EB164896B3002191B1 /* FaceView.m in Sources */ = {isa = PBXBuildFile; fileRef = 20A5A4EA164896B3002191B1 /* FaceView.m */; };
/* End PBXBuildFile section */

/* Begin PBXFileReference section */
		20A5A4C5164895A9002191B1 /* Happiness.app */ = {isa = PBXFileReference; explicitFileType = wrapper.application; includeInIndex = 0; path = Happiness.app; sourceTree = BUILT_PRODUCTS_DIR; };
		20A5A4C9164895A9002191B1 /* UIKit.framework */ = {isa = PBXFileReference; lastKnownFileType = wrapper.framework; name = UIKit.framework; path = System/Library/Frameworks/UIKit.framework; sourceTree = SDKROOT; };
		20A5A4CB164895A9002191B1 /* Foundation.framework */ = {isa = PBXFileReference; lastKnownFileType = wrapper.framework; name = Foundation.framework; path = System/Library/Frameworks/Foundation.framework; sourceTree = SDKROOT; };
		20A5A4CD164895A9002191B1 /* CoreGraphics.framework */ = {isa = PBXFileReference; lastKnownFileType = wrapper.framework; name = CoreGraphics.framework; path = System/Library/Frameworks/CoreGraphics.framework; sourceTree = SDKROOT; };
		20A5A4D1164895A9002191B1 /* Happiness-Info.plist */ = {isa = PBXFileReference; lastKnownFileType = text.plist.xml; path = "Happiness-Info.plist"; sourceTree = "<group>"; };
		20A5A4D3164895A9002191B1 /* en */ = {isa = PBXFileReference; lastKnownFileType = text.plist.strings; name = en; path = en.lproj/InfoPlist.strings; sourceTree = "<group>"; };
		20A5A4D5164895A9002191B1 /* main.m */ = {isa = PBXFileReference; lastKnownFileType = sourcecode.c.objc; path = main.m; sourceTree = "<group>"; };
		20A5A4D7164895A9002191B1 /* Happiness-Prefix.pch */ = {isa = PBXFileReference; lastKnownFileType = sourcecode.c.h; path = "Happiness-Prefix.pch"; sourceTree = "<group>"; };
		20A5A4D8164895A9002191B1 /* HappinessAppDelegate.h */ = {isa = PBXFileReference; lastKnownFileType = sourcecode.c.h; path = HappinessAppDelegate.h; sourceTree = "<group>"; };
		20A5A4D9164895A9002191B1 /* HappinessAppDelegate.m */ = {isa = PBXFileReference; lastKnownFileType = sourcecode.c.objc; path = HappinessAppDelegate.m; sourceTree = "<group>"; };
		20A5A4DC164895A9002191B1 /* en */ = {isa = PBXFileReference; lastKnownFileType = file.storyboard; name = en; path = en.lproj/MainStoryboard_iPhone.storyboard; sourceTree = "<group>"; };
		20A5A4DF164895A9002191B1 /* en */ = {isa = PBXFileReference; lastKnownFileType = file.storyboard; name = en; path = en.lproj/MainStoryboard_iPad.storyboard; sourceTree = "<group>"; };
		20A5A4E1164895A9002191B1 /* HappinessViewController.h */ = {isa = PBXFileReference; lastKnownFileType = sourcecode.c.h; path = HappinessViewController.h; sourceTree = "<group>"; };
		20A5A4E2164895A9002191B1 /* HappinessViewController.m */ = {isa = PBXFileReference; lastKnownFileType = sourcecode.c.objc; path = HappinessViewController.m; sourceTree = "<group>"; };
		20A5A4E9164896B3002191B1 /* FaceView.h */ = {isa = PBXFileReference; fileEncoding = 4; lastKnownFileType = sourcecode.c.h; path = FaceView.h; sourceTree = "<group>"; };
		20A5A4EA164896B3002191B1 /* FaceView.m */ = {isa = PBXFileReference; fileEncoding = 4; lastKnownFileType = sourcecode.c.objc; path = FaceView.m; sourceTree = "<group>"; };
/* End PBXFileReference section */

/* Begin PBXFrameworksBuildPhase section */
		20A5A4C2164895A8002191B1 /* Frameworks */ = {
			isa = PBXFrameworksBuildPhase;
			buildActionMask = 2147483647;
			files = (
				20A5A4CA164895A9002191B1 /* UIKit.framework in Frameworks */,
				20A5A4CC164895A9002191B1 /* Foundation.framework in Frameworks */,
				20A5A4CE164895A9002191B1 /* CoreGraphics.framework in Frameworks */,
			);
			runOnlyForDeploymentPostprocessing = 0;
		};
/* End PBXFrameworksBuildPhase section */

/* Begin PBXGroup section */
		20A5A4BA164895A8002191B1 = {
			isa = PBXGroup;
			children = (
				20A5A4CF164895A9002191B1 /* Happiness */,
				20A5A4C8164895A9002191B1 /* Frameworks */,
				20A5A4C6164895A9002191B1 /* Products */,
			);
			sourceTree = "<group>";
		};
		20A5A4C6164895A9002191B1 /* Products */ = {
			isa = PBXGroup;
			children = (
				20A5A4C5164895A9002191B1 /* Happiness.app */,
			);
			name = Products;
			sourceTree = "<group>";
		};
		20A5A4C8164895A9002191B1 /* Frameworks */ = {
			isa = PBXGroup;
			children = (
				20A5A4C9164895A9002191B1 /* UIKit.framework */,
				20A5A4CB164895A9002191B1 /* Foundation.framework */,
				20A5A4CD164895A9002191B1 /* CoreGraphics.framework */,
			);
			name = Frameworks;
			sourceTree = "<group>";
		};
		20A5A4CF164895A9002191B1 /* Happiness */ = {
			isa = PBXGroup;
			children = (
				20A5A4D8164895A9002191B1 /* HappinessAppDelegate.h */,
				20A5A4D9164895A9002191B1 /* HappinessAppDelegate.m */,
				20A5A4DB164895A9002191B1 /* MainStoryboard_iPhone.storyboard */,
				20A5A4DE164895A9002191B1 /* MainStoryboard_iPad.storyboard */,
				20A5A4E1164895A9002191B1 /* HappinessViewController.h */,
				20A5A4E9164896B3002191B1 /* FaceView.h */,
				20A5A4EA164896B3002191B1 /* FaceView.m */,
				20A5A4E2164895A9002191B1 /* HappinessViewController.m */,
				20A5A4D0164895A9002191B1 /* Supporting Files */,
			);
			path = Happiness;
			sourceTree = "<group>";
		};
		20A5A4D0164895A9002191B1 /* Supporting Files */ = {
			isa = PBXGroup;
			children = (
				20A5A4D1164895A9002191B1 /* Happiness-Info.plist */,
				20A5A4D2164895A9002191B1 /* InfoPlist.strings */,
				20A5A4D5164895A9002191B1 /* main.m */,
				20A5A4D7164895A9002191B1 /* Happiness-Prefix.pch */,
			);
			name = "Supporting Files";
			sourceTree = "<group>";
		};
/* End PBXGroup section */

/* Begin PBXNativeTarget section */
		20A5A4C4164895A8002191B1 /* Happiness */ = {
			isa = PBXNativeTarget;
			buildConfigurationList = 20A5A4E6164895A9002191B1 /* Build configuration list for PBXNativeTarget "Happiness" */;
			buildPhases = (
				20A5A4C1164895A8002191B1 /* Sources */,
				20A5A4C2164895A8002191B1 /* Frameworks */,
				20A5A4C3164895A8002191B1 /* Resources */,
			);
			buildRules = (
			);
			dependencies = (
			);
			name = Happiness;
			productName = Happiness;
			productReference = 20A5A4C5164895A9002191B1 /* Happiness.app */;
			productType = "com.apple.product-type.application";
		};
/* End PBXNativeTarget section */

/* Begin PBXProject section */
		20A5A4BC164895A8002191B1 /* Project object */ = {
			isa = PBXProject;
			attributes = {
				CLASSPREFIX = Happiness;
				LastUpgradeCheck = 0430;
			};
			buildConfigurationList = 20A5A4BF164895A8002191B1 /* Build configuration list for PBXProject "Happiness" */;
			compatibilityVersion = "Xcode 3.2";
			developmentRegion = English;
			hasScannedForEncodings = 0;
			knownRegions = (
				en,
			);
			mainGroup = 20A5A4BA164895A8002191B1;
			productRefGroup = 20A5A4C6164895A9002191B1 /* Products */;
			projectDirPath = "";
			projectRoot = "";
			targets = (
				20A5A4C4164895A8002191B1 /* Happiness */,
			);
		};
/* End PBXProject section */

/* Begin PBXResourcesBuildPhase section */
		20A5A4C3164895A8002191B1 /* Resources */ = {
			isa = PBXResourcesBuildPhase;
			buildActionMask = 2147483647;
			files = (
				20A5A4D4164895A9002191B1 /* InfoPlist.strings in Resources */,
				20A5A4DD164895A9002191B1 /* MainStoryboard_iPhone.storyboard in Resources */,
				20A5A4E0164895A9002191B1 /* MainStoryboard_iPad.storyboard in Resources */,
			);
			runOnlyForDeploymentPostprocessing = 0;
		};
/* End PBXResourcesBuildPhase section */

/* Begin PBXSourcesBuildPhase section */
		20A5A4C1164895A8002191B1 /* Sources */ = {
			isa = PBXSourcesBuildPhase;
			buildActionMask = 2147483647;
			files = (
				20A5A4D6164895A9002191B1 /* main.m in Sources */,
				20A5A4DA164895A9002191B1 /* HappinessAppDelegate.m in Sources */,
				20A5A4E3164895A9002191B1 /* HappinessViewController.m in Sources */,
				20A5A4EB164896B3002191B1 /* FaceView.m in Sources */,
			);
			runOnlyForDeploymentPostprocessing = 0;
		};
/* End PBXSourcesBuildPhase section */

/* Begin PBXVariantGroup section */
		20A5A4D2164895A9002191B1 /* InfoPlist.strings */ = {
			isa = PBXVariantGroup;
			children = (
				20A5A4D3164895A9002191B1 /* en */,
			);
			name = InfoPlist.strings;
			sourceTree = "<group>";
		};
		20A5A4DB164895A9002191B1 /* MainStoryboard_iPhone.storyboard */ = {
			isa = PBXVariantGroup;
			children = (
				20A5A4DC164895A9002191B1 /* en */,
			);
			name = MainStoryboard_iPhone.storyboard;
			sourceTree = "<group>";
		};
		20A5A4DE164895A9002191B1 /* MainStoryboard_iPad.storyboard */ = {
			isa = PBXVariantGroup;
			children = (
				20A5A4DF164895A9002191B1 /* en */,
			);
			name = MainStoryboard_iPad.storyboard;
			sourceTree = "<group>";
		};
/* End PBXVariantGroup section */

/* Begin XCBuildConfiguration section */
		20A5A4E4164895A9002191B1 /* Debug */ = {
			isa = XCBuildConfiguration;
			buildSettings = {
				ALWAYS_SEARCH_USER_PATHS = NO;
				ARCHS = "$(ARCHS_STANDARD_32_BIT)";
				CLANG_ENABLE_OBJC_ARC = YES;
				"CODE_SIGN_IDENTITY[sdk=iphoneos*]" = "iPhone Developer";
				COPY_PHASE_STRIP = NO;
				GCC_C_LANGUAGE_STANDARD = gnu99;
				GCC_DYNAMIC_NO_PIC = NO;
				GCC_OPTIMIZATION_LEVEL = 0;
				GCC_PREPROCESSOR_DEFINITIONS = (
					"DEBUG=1",
					"$(inherited)",
				);
				GCC_SYMBOLS_PRIVATE_EXTERN = NO;
				GCC_VERSION = com.apple.compilers.llvm.clang.1_0;
				GCC_WARN_ABOUT_RETURN_TYPE = YES;
				GCC_WARN_UNINITIALIZED_AUTOS = YES;
				GCC_WARN_UNUSED_VARIABLE = YES;
				IPHONEOS_DEPLOYMENT_TARGET = 5.1;
				SDKROOT = iphoneos;
				TARGETED_DEVICE_FAMILY = "1,2";
			};
			name = Debug;
		};
		20A5A4E5164895A9002191B1 /* Release */ = {
			isa = XCBuildConfiguration;
			buildSettings = {
				ALWAYS_SEARCH_USER_PATHS = NO;
				ARCHS = "$(ARCHS_STANDARD_32_BIT)";
				CLANG_ENABLE_OBJC_ARC = YES;
				"CODE_SIGN_IDENTITY[sdk=iphoneos*]" = "iPhone Developer";
				COPY_PHASE_STRIP = YES;
				GCC_C_LANGUAGE_STANDARD = gnu99;
				GCC_VERSION = com.apple.compilers.llvm.clang.1_0;
				GCC_WARN_ABOUT_RETURN_TYPE = YES;
				GCC_WARN_UNINITIALIZED_AUTOS = YES;
				GCC_WARN_UNUSED_VARIABLE = YES;
				IPHONEOS_DEPLOYMENT_TARGET = 5.1;
				OTHER_CFLAGS = "-DNS_BLOCK_ASSERTIONS=1";
				SDKROOT = iphoneos;
				TARGETED_DEVICE_FAMILY = "1,2";
				VALIDATE_PRODUCT = YES;
			};
			name = Release;
		};
		20A5A4E7164895A9002191B1 /* Debug */ = {
			isa = XCBuildConfiguration;
			buildSettings = {
				GCC_PRECOMPILE_PREFIX_HEADER = YES;
				GCC_PREFIX_HEADER = "Happiness/Happiness-Prefix.pch";
				INFOPLIST_FILE = "Happiness/Happiness-Info.plist";
				PRODUCT_NAME = "$(TARGET_NAME)";
				WRAPPER_EXTENSION = app;
			};
			name = Debug;
		};
		20A5A4E8164895A9002191B1 /* Release */ = {
			isa = XCBuildConfiguration;
			buildSettings = {
				GCC_PRECOMPILE_PREFIX_HEADER = YES;
				GCC_PREFIX_HEADER = "Happiness/Happiness-Prefix.pch";
				INFOPLIST_FILE = "Happiness/Happiness-Info.plist";
				PRODUCT_NAME = "$(TARGET_NAME)";
				WRAPPER_EXTENSION = app;
			};
			name = Release;
		};
/* End XCBuildConfiguration section */

/* Begin XCConfigurationList section */
		20A5A4BF164895A8002191B1 /* Build configuration list for PBXProject "Happiness" */ = {
			isa = XCConfigurationList;
			buildConfigurations = (
				20A5A4E4164895A9002191B1 /* Debug */,
				20A5A4E5164895A9002191B1 /* Release */,
			);
			defaultConfigurationIsVisible = 0;
			defaultConfigurationName = Release;
		};
		20A5A4E6164895A9002191B1 /* Build configuration list for PBXNativeTarget "Happiness" */ = {
			isa = XCConfigurationList;
			buildConfigurations = (
				20A5A4E7164895A9002191B1 /* Debug */,
				20A5A4E8164895A9002191B1 /* Release */,
			);
			defaultConfigurationIsVisible = 0;
		};
/* End XCConfigurationList section */
	};
	rootObject = 20A5A4BC164895A8002191B1 /* Project object */;
}
